
Microsoft Visual Studio Solution File, Format Version 12.00
# Visual Studio Version 16
VisualStudioVersion = 16.0.28803.452
MinimumVisualStudioVersion = 10.0.40219.1
Project("{9A19103F-16F7-4668-BE54-9A1E7A4F7556}") = "SoftifyGEO.API", "SoftifyGEO.API.csproj", "{C001AB1E-FC30-4D37-9B0C-5AD10D94DFDA}"
EndProject
Global
	GlobalSection(SolutionConfigurationPlatforms) = preSolution
		Debug|Any CPU = Debug|Any CPU
		Release|Any CPU = Release|Any CPU
	EndGlobalSection
	GlobalSection(ProjectConfigurationPlatforms) = postSolution
		{C001AB1E-FC30-4D37-9B0C-5AD10D94DFDA}.Debug|Any CPU.ActiveCfg = Debug|Any CPU
		{C001AB1E-FC30-4D37-9B0C-5AD10D94DFDA}.Debug|Any CPU.Build.0 = Debug|Any CPU
		{C001AB1E-FC30-4D37-9B0C-5AD10D94DFDA}.Release|Any CPU.ActiveCfg = Release|Any CPU
		{C001AB1E-FC30-4D37-9B0C-5AD10D94DFDA}.Release|Any CPU.Build.0 = Release|Any CPU
	EndGlobalSection
	GlobalSection(SolutionProperties) = preSolution
		HideSolutionNode = FALSE
	EndGlobalSection
	GlobalSection(ExtensibilityGlobals) = postSolution
		SolutionGuid = {B3853361-21A8-47DB-87A9-445C874FAC2D}
	EndGlobalSection
EndGlobal
